
Microsoft Visual Studio Solution File, Format Version 12.00
# Visual Studio 14
VisualStudioVersion = 14.0.25123.0
MinimumVisualStudioVersion = 10.0.40219.1
Project("{FAE04EC0-301F-11D3-BF4B-00C04F79EFBC}") = "CanonicalForm", "CanonicalForm\CanonicalForm.csproj", "{924481E0-A127-48B9-AC08-66E681E14158}"
EndProject
Project("{FAE04EC0-301F-11D3-BF4B-00C04F79EFBC}") = "ParserEquation", "ParserEquation\ParserEquation.csproj", "{AF8D0D93-4BE9-46AF-BBA6-F168331993D8}"
EndProject
Project("{FAE04EC0-301F-11D3-BF4B-00C04F79EFBC}") = "MathematicalModel", "MathematicalModel\MathematicalModel.csproj", "{51C874FA-3A9A-467C-A165-8DF4C614455E}"
EndProject
Global
	GlobalSection(SolutionConfigurationPlatforms) = preSolution
		Debug|Any CPU = Debug|Any CPU
		Release|Any CPU = Release|Any CPU
	EndGlobalSection
	GlobalSection(ProjectConfigurationPlatforms) = postSolution
		{924481E0-A127-48B9-AC08-66E681E14158}.Debug|Any CPU.ActiveCfg = Debug|Any CPU
		{924481E0-A127-48B9-AC08-66E681E14158}.Debug|Any CPU.Build.0 = Debug|Any CPU
		{924481E0-A127-48B9-AC08-66E681E14158}.Release|Any CPU.ActiveCfg = Release|Any CPU
		{924481E0-A127-48B9-AC08-66E681E14158}.Release|Any CPU.Build.0 = Release|Any CPU
		{AF8D0D93-4BE9-46AF-BBA6-F168331993D8}.Debug|Any CPU.ActiveCfg = Debug|Any CPU
		{AF8D0D93-4BE9-46AF-BBA6-F168331993D8}.Debug|Any CPU.Build.0 = Debug|Any CPU
		{AF8D0D93-4BE9-46AF-BBA6-F168331993D8}.Release|Any CPU.ActiveCfg = Release|Any CPU
		{AF8D0D93-4BE9-46AF-BBA6-F168331993D8}.Release|Any CPU.Build.0 = Release|Any CPU
		{51C874FA-3A9A-467C-A165-8DF4C614455E}.Debug|Any CPU.ActiveCfg = Debug|Any CPU
		{51C874FA-3A9A-467C-A165-8DF4C614455E}.Debug|Any CPU.Build.0 = Debug|Any CPU
		{51C874FA-3A9A-467C-A165-8DF4C614455E}.Release|Any CPU.ActiveCfg = Release|Any CPU
		{51C874FA-3A9A-467C-A165-8DF4C614455E}.Release|Any CPU.Build.0 = Release|Any CPU
	EndGlobalSection
	GlobalSection(SolutionProperties) = preSolution
		HideSolutionNode = FALSE
	EndGlobalSection
EndGlobal
